<Solution>
  <Folder Name="/Solution Items/">
  <File Path="Directory.Build.props" />
  </Folder>
  <Project DefaultStartup="true" Path="__GameProjectName__/__GameProjectName__.csproj" />
  <Project Path="__GameProjectName__.Assets/__GameProjectName__.Assets.csproj" />
  <Project Path="__GameProjectName__.Core/__GameProjectName__.Core.csproj" />
  <Project Path="__GameProjectName__.Scenes/__GameProjectName__.Scenes.csproj" />
</Solution>